
Microsoft Visual Studio Solution File, Format Version 12.00
# Visual Studio 15
VisualStudioVersion = 15.0.27703.2042
MinimumVisualStudioVersion = 10.0.40219.1
Project("{FAE04EC0-301F-11D3-BF4B-00C04F79EFBC}") = "ParasiteDriver", "ParasiteDriver.csproj", "{52086D44-2E08-4F2E-B881-FCFC6466C532}"
EndProject
Global
	GlobalSection(SolutionConfigurationPlatforms) = preSolution
		Debug|Any CPU = Debug|Any CPU
		Release|Any CPU = Release|Any CPU
	EndGlobalSection
	GlobalSection(ProjectConfigurationPlatforms) = postSolution
		{52086D44-2E08-4F2E-B881-FCFC6466C532}.Debug|Any CPU.ActiveCfg = Debug|Any CPU
		{52086D44-2E08-4F2E-B881-FCFC6466C532}.Debug|Any CPU.Build.0 = Debug|Any CPU
		{52086D44-2E08-4F2E-B881-FCFC6466C532}.Release|Any CPU.ActiveCfg = Release|Any CPU
		{52086D44-2E08-4F2E-B881-FCFC6466C532}.Release|Any CPU.Build.0 = Release|Any CPU
	EndGlobalSection
	GlobalSection(SolutionProperties) = preSolution
		HideSolutionNode = FALSE
	EndGlobalSection
	GlobalSection(ExtensibilityGlobals) = postSolution
		SolutionGuid = {83A4BACE-36F8-44BE-9B44-22DD5FC1F86D}
	EndGlobalSection
EndGlobal
